<?xml version="1.0" encoding="utf-8"?>
<Project ToolsVersion="4.0" xmlns="http://schemas.microsoft.com/developer/msbuild/2003">
  <ItemGroup>
    <Filter Include="Source Files">
      <UniqueIdentifier>{5a315161-3fdb-4220-9ecc-8fb8e04777e4}</UniqueIdentifier>
      <Extensions>cpp;c;cxx;rc;def;r;odl;idl;hpj;bat</Extensions>
    </Filter>
    <Filter Include="Resource Files">
      <UniqueIdentifier>{690af470-7c52-4220-8c62-a5959afc8da3}</UniqueIdentifier>
      <Extensions>ico;cur;bmp;dlg;rc2;rct;bin;rgs;gif;jpg;jpeg;jpe</Extensions>
    </Filter>
    <Filter Include="Header Files">
      <UniqueIdentifier>{e98a9576-0df9-4664-9113-91d3da5d2a5c}</UniqueIdentifier>
      <Extensions>h;hpp;hxx;hm;inl</Extensions>
    </Filter>
  </ItemGroup>
  <ItemGroup>
    <ClCompile Include="cAINew.cpp">
      <Filter>Source Files</Filter>
    </ClCompile>
    <ClCompile Include="cAppData.cpp">
      <Filter>Source Files</Filter>
    </ClCompile>
    <ClCompile Include="cBM.cpp">
      <Filter>Source Files</Filter>
    </ClCompile>
    <ClCompile Include="cChatBuffer.cpp">
      <Filter>Source Files</Filter>
    </ClCompile>
    <ClCompile Include="cClassAccess.cpp">
      <Filter>Source Files</Filter>
    </ClCompile>
    <ClCompile Include="cColorTable.cpp">
      <Filter>Source Files</Filter>
    </ClCompile>
    <ClCompile Include="cCommQueue.cpp">
      <Filter>Source Files</Filter>
    </ClCompile>
    <ClCompile Include="cComponentA.cpp">
      <Filter>Source Files</Filter>
    </ClCompile>
    <ClCompile Include="cConfig.cpp">
      <Filter>Source Files</Filter>
    </ClCompile>
    <ClCompile Include="cDA_Audio.cpp">
      <Filter>Source Files</Filter>
    </ClCompile>
    <ClCompile Include="cDbgMem.cpp">
      <Filter>Source Files</Filter>
    </ClCompile>
    <ClCompile Include="cDD_Display.cpp">
      <Filter>Source Files</Filter>
    </ClCompile>
    <ClCompile Include="cDI_Input.cpp">
      <Filter>Source Files</Filter>
    </ClCompile>
    <ClCompile Include="cDP_Multiplay.cpp">
      <Filter>Source Files</Filter>
    </ClCompile>
    <ClCompile Include="cDrawIssue.cpp">
      <Filter>Source Files</Filter>
    </ClCompile>
    <ClCompile Include="cEventBuffer.cpp">
      <Filter>Source Files</Filter>
    </ClCompile>
    <ClCompile Include="cFontInfo.cpp">
      <Filter>Source Files</Filter>
    </ClCompile>
    <ClCompile Include="cGameOptions.cpp">
      <Filter>Source Files</Filter>
    </ClCompile>
    <ClCompile Include="cGameWorldA.cpp">
      <Filter>Source Files</Filter>
    </ClCompile>
    <ClCompile Include="cGDisplay.cpp">
      <Filter>Source Files</Filter>
    </ClCompile>
    <ClCompile Include="cImageSurface.cpp">
      <Filter>Source Files</Filter>
    </ClCompile>
    <ClCompile Include="cInputState.cpp">
      <Filter>Source Files</Filter>
    </ClCompile>
    <ClCompile Include="cInterface.cpp">
      <Filter>Source Files</Filter>
    </ClCompile>
    <ClCompile Include="cMaterial.cpp">
      <Filter>Source Files</Filter>
    </ClCompile>
    <ClCompile Include="cMinimap.cpp">
      <Filter>Source Files</Filter>
    </ClCompile>
    <ClCompile Include="cNation.cpp">
      <Filter>Source Files</Filter>
    </ClCompile>
    <ClCompile Include="cNotifBuffer.cpp">
      <Filter>Source Files</Filter>
    </ClCompile>
    <ClCompile Include="cPathFinder.cpp">
      <Filter>Source Files</Filter>
    </ClCompile>
    <ClCompile Include="cProjectileA.cpp">
      <Filter>Source Files</Filter>
    </ClCompile>
    <ClCompile Include="cRandGen.cpp">
      <Filter>Source Files</Filter>
    </ClCompile>
    <ClCompile Include="cSector.cpp">
      <Filter>Source Files</Filter>
    </ClCompile>
    <ClCompile Include="cSoundSegment.cpp">
      <Filter>Source Files</Filter>
    </ClCompile>
    <ClCompile Include="cSrcGraphicsInfo.cpp">
      <Filter>Source Files</Filter>
    </ClCompile>
    <ClCompile Include="cStringTable.cpp">
      <Filter>Source Files</Filter>
    </ClCompile>
    <ClCompile Include="cStructureA.cpp">
      <Filter>Source Files</Filter>
    </ClCompile>
    <ClCompile Include="cTimer.cpp">
      <Filter>Source Files</Filter>
    </ClCompile>
    <ClCompile Include="cUnitA.cpp">
      <Filter>Source Files</Filter>
    </ClCompile>
    <ClCompile Include="source01 - main.cpp">
      <Filter>Source Files</Filter>
    </ClCompile>
  </ItemGroup>
  <ItemGroup>
    <ClInclude Include="classes.h">
      <Filter>Header Files</Filter>
    </ClInclude>
    <ClInclude Include="header01 - main.h">
      <Filter>Header Files</Filter>
    </ClInclude>
  </ItemGroup>
</Project>